gAAAAABpg0jxtcuZ66CPqZ3cR7CB8GO06jMsQKKyI7cWrpjCtynzudyAqvod9JrZzME9uQhbXMB4cRVcWOeY-izll0FZWL2kABJh_ZtFi2SygcziVtbV9Sa1fyKUbtslghagz3hTVzweESebbDROoV6e-1efysL6D4j6rCQVBIrVKfCX6X1XYL5ctOz2xoFSD4dE9b2-knZlyHrhmLp176vkuuk6iSzFw18JDSQyPbEzzmcnkrGv8jZdqz75n2y1Q4m-PSoE_hbJmXkKAib6w26umyEV5MaHY1VihqULKkWaPKgFwXnShSdEi1_3vgseWs3v28wZZwRiFM0zK3XFjL49TjTabrUkjowIkRGXgz-L0oGglEM-SbA9DGiCiUxQpwXx_vahcUgRwgsyu2RF3xheM3d0mmSafm-AQJkrEpQhNUnx0sCUMGrvTTXX1J7ZHs9iy3KrZw2Z7Rl3EnzKfr8smo5E7msYLkdY83k_gb1QFrDgptNAoTabQAoxg16hYsSdTPtAKL5zz9Fw17NrxopHa1vUOwJp2-N9wX-3EQvDNXXK_COMt0svm2ol252mSpbuGb-2NN8jGhLumLuoCBGMYsRLBM18x-cGmP2o34L2Qn5nkLPhfP5d4Qccem1a1ORn9ZueUjbKpMXMJWZgrQ1z5mfd7PCh4Yp2v3j4DgP5F4jDk2-AxZ0Z_rAiwMxY3K91ZwJDxEOApF2AoCEsmSyqIloB1gYQkt291M7A-Tc9L7kDEXYWgoYajnGHALMVHAO9aoAxvofRBTTULF5fWzoUyR-etpoyp3VYeXAEQuELIw1Wwkvai76IkCzaBHz5DvaCARhrqCDm3OihhjaX2Gvaz4wOs2CC-L0R7NNA9fIblrovQ5EFxmOvOTjB-3WaEk_5f0IJp2gUBWL301OdWOfj5JQmF7zgNq1LTQKppq03WzOJgPCkvr1_pdQI9wRTGT5X_R960N_jKXcwNTFpltPqsumJ3EbJEO_StZhqZTL_zqVe6gL-x2p9EsdOS4WLg6OOIp8UJItFGoGxNbN7k4oo7wv6jSMHAykYgwQI_-LOmiZ_mndINM2jPA5v5_nf8TKgRCBkUZuElRSNzkbaNjLfo-t-ZhScvNJquiNbsfnh8vhvHfH7o1nu9_aXmqed4C8GNbdC-43hPya_-dj_dJUaKXIg8QcaM_Vj-RZOr3G2WJNnkzrWsto71Lp6aNFl8V3aS74IQ6LV-NsL2j3lDa0WF5ml_8IwhzQ_fqZGQAa00hIpO7-v7RcU8WKGRtyPuOaC4kZ-FUr8jJusep0MZYzQyWKhhY5DdptB15t_5EKFO7VMmFy363PZbH72m5YGdN4VOL5Ow9W8YrqVwxl-94iI_ENVCI1hA2aGSqI14a_wE7-5Dr8YFu1grk_J1RxGHDdzucgANywRnosQSY04wustsgrMLNLMUSNuBYZmM-uhDryBE_NF8wq5WplYhmPO7Dsv2B8QLasay9hklbFZeCFt_23qA1a1tL4RuY-adZkoWTO-JuFA7MH2ziz5PjDln3n8uPSNVOvs4-rwcZ4T42ojt23L2wC86Kwp407L4URdiCfh4xhZMH2eQN2kKiIRn4OhU-tbWXa-D4O4em1lNWoeE_MRKlAFSRC1KLeHjA6aHUNS2AB8HjgsYcZu_2t_50fajAMThs6vXzixEbtXo2-YvqEc86pQw13xn9NTTI3t2PeQnW3TGxLz0uN6GTRyInPqZbpC4pQ6ZCUyHGh0i3cVTdg2iHtUcwl-7IkQkawQYO7Dx29ZhhX4FAaDt1L9qwvJYqvU7slQek-xzF5IYkuX65jzR5RQiik5tXt_s9RtoiCTAIGKEpreQ4g0_kjoWyhW9xlWDPcH6sjeByGNBPhL1cdGKBC-YnFw1-we02e6g3JHMAvqlZnqSsN1Bh-0pXKJ2tgW62d0LP2ZEiH0t6PXV338TmqCMLv_Fdb06dG7CiPO_k16WZecqXMengYcr5GZHuYei5YRn94LahYdrnBrJ50CQknK2IHYUY_6wiDxIJlK5aiRzT7ztXU4RGiSTMtDK1OgeGZgalJ_5y_9vgEPjuUlsiCzvBSmhfQ6G1_zrzYbGtlTc1jk4n1BVi2eg1-iUocUlYoQMFrDfT1m7bVX58V5ezIUpfM-XP3qVnwMVUKj73qafKUETbqo-v51OMr5XOaiKLHXxZ47POa6YbJ3Y-0HzTGVIxGi_qfp-d6FF5jEes38xl4kUMfK4PZ1U1NoH1GPSPph1ypwTsmerLrnbZOmZkatoBsl7yCHYC58Kwg5oKxqlkbg7R7HzWR_aasVrOwBBQG6MEoqcpT1bqN2_QslA5FEl25l5RDe4L7vsVp8xGkGBxEnkPiCLd-cSTaL5jX5_T4sGFAs2X4g3dPO4EPcFTWiFWGTJc_6kWQ0XSsznPbDJKguhtOEzwdsfxiJKtHEJFPAETsapmftAr9usbZoCBH6xQ4YvUmAMJzbLBptkiGvOH0W2K2VumFcheyofsIJmW3FF6nS5qPCwtQhTmrPg3WPZKR8csISNer3kqixSmeniof9-UDarMbxUIvJrqzpGpaiuhYfND3of_y_dBd9Bb70X6-YnoBQn70zQcCwlpRjrAJFy7bDOHBSm70_UaO5gT8y35HFuI1qKfeQubAMGkOAOhOQXZGTGLmUL2xtVytXoeYN9QQ8d0D5lbH3FrSw1pIfYbAEiUZzmlhIedsWln3mUR_Lp49EmPwBmm_0unNKNmnnm3l3q8WuN_zSPSgXOC0UaC-zuEeG6M4lr_XtY7xjSBENcAdoI3rYdfJdzdXtxS_D2IIrF2Y1gcDvM-lp2641FJMFwqHHvi9hT_VJFHMF8-Sfxw497UTUzj3oFETFoIhs5qL1cmMrdFC-wmfOOLadopgk8Lao92PNEcMYEPtnVc0OEeatPFOtPSnwnQZjevWZTr8cVJ0KNuj-Y-PpcUMhVyqyp5wxtynP10JfyDWYWDkPyiv3H1MKSYkfFd1GcErsio0xmpQKcc8uiuMTzd393vvUgUw124pZznLH96YT2aGxPYhCfygeyJGmdu6BDGwzLugGEaZKjamVXHceDVmCgpnkCe1P6rh3PLm_le5HZPu87cXQXYVj1HMGJATlieT_ic9RCi9EUcCMNfNbAi7visZCZyPRqTXsfeJw4mpwg669rvOwhL2tNT3tEyBQE20yJ8CrjFnIXgkRqWx_ER4v